
Microsoft Visual Studio Solution File, Format Version 12.00
# Visual Studio 15
VisualStudioVersion = 15.0.28307.645
MinimumVisualStudioVersion = 10.0.40219.1
Project("{FAE04EC0-301F-11D3-BF4B-00C04F79EFBC}") = "BingSearch", "BingSearch\BingSearch.csproj", "{61E485E4-0F42-4CA0-8D81-7134FB39C2D8}"
EndProject
Global
	GlobalSection(SolutionConfigurationPlatforms) = preSolution
		Debug|Any CPU = Debug|Any CPU
		Release|Any CPU = Release|Any CPU
	EndGlobalSection
	GlobalSection(ProjectConfigurationPlatforms) = postSolution
		{61E485E4-0F42-4CA0-8D81-7134FB39C2D8}.Debug|Any CPU.ActiveCfg = Debug|Any CPU
		{61E485E4-0F42-4CA0-8D81-7134FB39C2D8}.Debug|Any CPU.Build.0 = Debug|Any CPU
		{61E485E4-0F42-4CA0-8D81-7134FB39C2D8}.Release|Any CPU.ActiveCfg = Release|Any CPU
		{61E485E4-0F42-4CA0-8D81-7134FB39C2D8}.Release|Any CPU.Build.0 = Release|Any CPU
	EndGlobalSection
	GlobalSection(SolutionProperties) = preSolution
		HideSolutionNode = FALSE
	EndGlobalSection
	GlobalSection(ExtensibilityGlobals) = postSolution
		SolutionGuid = {CD4894E6-3567-4623-B40A-7A2260A73B43}
	EndGlobalSection
EndGlobal
